// !$*UTF8*$!
{
	archiveVersion = 1;
	classes = {
	};
	objectVersion = 56;
	objects = {

/* Begin PBXBuildFile section */
		AC4687EB2BF3C52B00964987 /* PicCrossApp.swift in Sources */ = {isa = PBXBuildFile; fileRef = AC4687EA2BF3C52B00964987 /* PicCrossApp.swift */; };
		AC4687ED2BF3C52B00964987 /* ContentView.swift in Sources */ = {isa = PBXBuildFile; fileRef = AC4687EC2BF3C52B00964987 /* ContentView.swift */; };
		AC4687EF2BF3C52C00964987 /* Assets.xcassets in Resources */ = {isa = PBXBuildFile; fileRef = AC4687EE2BF3C52C00964987 /* Assets.xcassets */; };
		AC4687F22BF3C52C00964987 /* Preview Assets.xcassets in Resources */ = {isa = PBXBuildFile; fileRef = AC4687F12BF3C52C00964987 /* Preview Assets.xcassets */; };
		ACBD523E2BF6B60E002B0BB0 /* Puzzles.swift in Sources */ = {isa = PBXBuildFile; fileRef = ACBD523D2BF6B60E002B0BB0 /* Puzzles.swift */; };
		ACBD52402BF6B6D1002B0BB0 /* puzzles.json in Resources */ = {isa = PBXBuildFile; fileRef = ACBD523F2BF6B6D1002B0BB0 /* puzzles.json */; };
		ACBD52422BF6B8E8002B0BB0 /* Bundle_Decodable.swift in Sources */ = {isa = PBXBuildFile; fileRef = ACBD52412BF6B8E8002B0BB0 /* Bundle_Decodable.swift */; };
		ACBD52442BF6D1FD002B0BB0 /* PuzzleData.swift in Sources */ = {isa = PBXBuildFile; fileRef = ACBD52432BF6D1FD002B0BB0 /* PuzzleData.swift */; };
		ACBD52462BF6D45F002B0BB0 /* PuzzleGame.swift in Sources */ = {isa = PBXBuildFile; fileRef = ACBD52452BF6D45F002B0BB0 /* PuzzleGame.swift */; };
/* End PBXBuildFile section */

/* Begin PBXFileReference section */
		AC4687E72BF3C52B00964987 /* PicCross.app */ = {isa = PBXFileReference; explicitFileType = wrapper.application; includeInIndex = 0; path = PicCross.app; sourceTree = BUILT_PRODUCTS_DIR; };
		AC4687EA2BF3C52B00964987 /* PicCrossApp.swift */ = {isa = PBXFileReference; lastKnownFileType = sourcecode.swift; path = PicCrossApp.swift; sourceTree = "<group>"; };
		AC4687EC2BF3C52B00964987 /* ContentView.swift */ = {isa = PBXFileReference; lastKnownFileType = sourcecode.swift; path = ContentView.swift; sourceTree = "<group>"; };
		AC4687EE2BF3C52C00964987 /* Assets.xcassets */ = {isa = PBXFileReference; lastKnownFileType = folder.assetcatalog; path = Assets.xcassets; sourceTree = "<group>"; };
		AC4687F12BF3C52C00964987 /* Preview Assets.xcassets */ = {isa = PBXFileReference; lastKnownFileType = folder.assetcatalog; path = "Preview Assets.xcassets"; sourceTree = "<group>"; };
		ACBD523D2BF6B60E002B0BB0 /* Puzzles.swift */ = {isa = PBXFileReference; lastKnownFileType = sourcecode.swift; path = Puzzles.swift; sourceTree = "<group>"; };
		ACBD523F2BF6B6D1002B0BB0 /* puzzles.json */ = {isa = PBXFileReference; explicitFileType = text.json; fileEncoding = 4; path = puzzles.json; sourceTree = "<group>"; };
		ACBD52412BF6B8E8002B0BB0 /* Bundle_Decodable.swift */ = {isa = PBXFileReference; lastKnownFileType = sourcecode.swift; path = Bundle_Decodable.swift; sourceTree = "<group>"; };
		ACBD52432BF6D1FD002B0BB0 /* PuzzleData.swift */ = {isa = PBXFileReference; lastKnownFileType = sourcecode.swift; path = PuzzleData.swift; sourceTree = "<group>"; };
		ACBD52452BF6D45F002B0BB0 /* PuzzleGame.swift */ = {isa = PBXFileReference; lastKnownFileType = sourcecode.swift; path = PuzzleGame.swift; sourceTree = "<group>"; };
/* End PBXFileReference section */

/* Begin PBXFrameworksBuildPhase section */
		AC4687E42BF3C52B00964987 /* Frameworks */ = {
			isa = PBXFrameworksBuildPhase;
			buildActionMask = 2147483647;
			files = (
			);
			runOnlyForDeploymentPostprocessing = 0;
		};
/* End PBXFrameworksBuildPhase section */

/* Begin PBXGroup section */
		AC4687DE2BF3C52B00964987 = {
			isa = PBXGroup;
			children = (
				AC4687E92BF3C52B00964987 /* PicCross */,
				AC4687E82BF3C52B00964987 /* Products */,
			);
			sourceTree = "<group>";
		};
		AC4687E82BF3C52B00964987 /* Products */ = {
			isa = PBXGroup;
			children = (
				AC4687E72BF3C52B00964987 /* PicCross.app */,
			);
			name = Products;
			sourceTree = "<group>";
		};
		AC4687E92BF3C52B00964987 /* PicCross */ = {
			isa = PBXGroup;
			children = (
				ACBD523F2BF6B6D1002B0BB0 /* puzzles.json */,
				AC4687EA2BF3C52B00964987 /* PicCrossApp.swift */,
				AC4687EC2BF3C52B00964987 /* ContentView.swift */,
				ACBD52452BF6D45F002B0BB0 /* PuzzleGame.swift */,
				ACBD52432BF6D1FD002B0BB0 /* PuzzleData.swift */,
				AC4687EE2BF3C52C00964987 /* Assets.xcassets */,
				AC4687F02BF3C52C00964987 /* Preview Content */,
				ACBD523D2BF6B60E002B0BB0 /* Puzzles.swift */,
				ACBD52412BF6B8E8002B0BB0 /* Bundle_Decodable.swift */,
			);
			path = PicCross;
			sourceTree = "<group>";
		};
		AC4687F02BF3C52C00964987 /* Preview Content */ = {
			isa = PBXGroup;
			children = (
				AC4687F12BF3C52C00964987 /* Preview Assets.xcassets */,
			);
			path = "Preview Content";
			sourceTree = "<group>";
		};
/* End PBXGroup section */

/* Begin PBXNativeTarget section */
		AC4687E62BF3C52B00964987 /* PicCross */ = {
			isa = PBXNativeTarget;
			buildConfigurationList = AC4687F52BF3C52C00964987 /* Build configuration list for PBXNativeTarget "PicCross" */;
			buildPhases = (
				AC4687E32BF3C52B00964987 /* Sources */,
				AC4687E42BF3C52B00964987 /* Frameworks */,
				AC4687E52BF3C52B00964987 /* Resources */,
			);
			buildRules = (
			);
			dependencies = (
			);
			name = PicCross;
			productName = Budget;
			productReference = AC4687E72BF3C52B00964987 /* PicCross.app */;
			productType = "com.apple.product-type.application";
		};
/* End PBXNativeTarget section */

/* Begin PBXProject section */
		AC4687DF2BF3C52B00964987 /* Project object */ = {
			isa = PBXProject;
			attributes = {
				BuildIndependentTargetsInParallel = 1;
				LastSwiftUpdateCheck = 1530;
				LastUpgradeCheck = 1530;
				TargetAttributes = {
					AC4687E62BF3C52B00964987 = {
						CreatedOnToolsVersion = 15.3;
					};
				};
			};
			buildConfigurationList = AC4687E22BF3C52B00964987 /* Build configuration list for PBXProject "PicCross" */;
			compatibilityVersion = "Xcode 14.0";
			developmentRegion = en;
			hasScannedForEncodings = 0;
			knownRegions = (
				en,
				Base,
			);
			mainGroup = AC4687DE2BF3C52B00964987;
			productRefGroup = AC4687E82BF3C52B00964987 /* Products */;
			projectDirPath = "";
			projectRoot = "";
			targets = (
				AC4687E62BF3C52B00964987 /* PicCross */,
			);
		};
/* End PBXProject section */

/* Begin PBXResourcesBuildPhase section */
		AC4687E52BF3C52B00964987 /* Resources */ = {
			isa = PBXResourcesBuildPhase;
			buildActionMask = 2147483647;
			files = (
				AC4687F22BF3C52C00964987 /* Preview Assets.xcassets in Resources */,
				AC4687EF2BF3C52C00964987 /* Assets.xcassets in Resources */,
				ACBD52402BF6B6D1002B0BB0 /* puzzles.json in Resources */,
			);
			runOnlyForDeploymentPostprocessing = 0;
		};
/* End PBXResourcesBuildPhase section */

/* Begin PBXSourcesBuildPhase section */
		AC4687E32BF3C52B00964987 /* Sources */ = {
			isa = PBXSourcesBuildPhase;
			buildActionMask = 2147483647;
			files = (
				ACBD523E2BF6B60E002B0BB0 /* Puzzles.swift in Sources */,
				ACBD52422BF6B8E8002B0BB0 /* Bundle_Decodable.swift in Sources */,
				AC4687ED2BF3C52B00964987 /* ContentView.swift in Sources */,
				ACBD52442BF6D1FD002B0BB0 /* PuzzleData.swift in Sources */,
				AC4687EB2BF3C52B00964987 /* PicCrossApp.swift in Sources */,
				ACBD52462BF6D45F002B0BB0 /* PuzzleGame.swift in Sources */,
			);
			runOnlyForDeploymentPostprocessing = 0;
		};
/* End PBXSourcesBuildPhase section */

/* Begin XCBuildConfiguration section */
		AC4687F32BF3C52C00964987 /* Debug */ = {
			isa = XCBuildConfiguration;
			buildSettings = {
				ALWAYS_SEARCH_USER_PATHS = NO;
				ASSETCATALOG_COMPILER_GENERATE_SWIFT_ASSET_SYMBOL_EXTENSIONS = YES;
				CLANG_ANALYZER_NONNULL = YES;
				CLANG_ANALYZER_NUMBER_OBJECT_CONVERSION = YES_AGGRESSIVE;
				CLANG_CXX_LANGUAGE_STANDARD = "gnu++20";
				CLANG_ENABLE_MODULES = YES;
				CLANG_ENABLE_OBJC_ARC = YES;
				CLANG_ENABLE_OBJC_WEAK = YES;
				CLANG_WARN_BLOCK_CAPTURE_AUTORELEASING = YES;
				CLANG_WARN_BOOL_CONVERSION = YES;
				CLANG_WARN_COMMA = YES;
				CLANG_WARN_CONSTANT_CONVERSION = YES;
				CLANG_WARN_DEPRECATED_OBJC_IMPLEMENTATIONS = YES;
				CLANG_WARN_DIRECT_OBJC_ISA_USAGE = YES_ERROR;
				CLANG_WARN_DOCUMENTATION_COMMENTS = YES;
				CLANG_WARN_EMPTY_BODY = YES;
				CLANG_WARN_ENUM_CONVERSION = YES;
				CLANG_WARN_INFINITE_RECURSION = YES;
				CLANG_WARN_INT_CONVERSION = YES;
				CLANG_WARN_NON_LITERAL_NULL_CONVERSION = YES;
				CLANG_WARN_OBJC_IMPLICIT_RETAIN_SELF = YES;
				CLANG_WARN_OBJC_LITERAL_CONVERSION = YES;
				CLANG_WARN_OBJC_ROOT_CLASS = YES_ERROR;
				CLANG_WARN_QUOTED_INCLUDE_IN_FRAMEWORK_HEADER = YES;
				CLANG_WARN_RANGE_LOOP_ANALYSIS = YES;
				CLANG_WARN_STRICT_PROTOTYPES = YES;
				CLANG_WARN_SUSPICIOUS_MOVE = YES;
				CLANG_WARN_UNGUARDED_AVAILABILITY = YES_AGGRESSIVE;
				CLANG_WARN_UNREACHABLE_CODE = YES;
				CLANG_WARN__DUPLICATE_METHOD_MATCH = YES;
				COPY_PHASE_STRIP = NO;
				DEBUG_INFORMATION_FORMAT = dwarf;
				ENABLE_STRICT_OBJC_MSGSEND = YES;
				ENABLE_TESTABILITY = YES;
				ENABLE_USER_SCRIPT_SANDBOXING = YES;
				GCC_C_LANGUAGE_STANDARD = gnu17;
				GCC_DYNAMIC_NO_PIC = NO;
				GCC_NO_COMMON_BLOCKS = YES;
				GCC_OPTIMIZATION_LEVEL = 0;
				GCC_PREPROCESSOR_DEFINITIONS = (
					"DEBUG=1",
					"$(inherited)",
				);
				GCC_WARN_64_TO_32_BIT_CONVERSION = YES;
				GCC_WARN_ABOUT_RETURN_TYPE = YES_ERROR;
				GCC_WARN_UNDECLARED_SELECTOR = YES;
				GCC_WARN_UNINITIALIZED_AUTOS = YES_AGGRESSIVE;
				GCC_WARN_UNUSED_FUNCTION = YES;
				GCC_WARN_UNUSED_VARIABLE = YES;
				IPHONEOS_DEPLOYMENT_TARGET = 17.4;
				LOCALIZATION_PREFERS_STRING_CATALOGS = YES;
				MTL_ENABLE_DEBUG_INFO = INCLUDE_SOURCE;
				MTL_FAST_MATH = YES;
				ONLY_ACTIVE_ARCH = YES;
				SDKROOT = iphoneos;
				SWIFT_ACTIVE_COMPILATION_CONDITIONS = "DEBUG $(inherited)";
				SWIFT_OPTIMIZATION_LEVEL = "-Onone";
			};
			name = Debug;
		};
		AC4687F42BF3C52C00964987 /* Release */ = {
			isa = XCBuildConfiguration;
			buildSettings = {
				ALWAYS_SEARCH_USER_PATHS = NO;
				ASSETCATALOG_COMPILER_GENERATE_SWIFT_ASSET_SYMBOL_EXTENSIONS = YES;
				CLANG_ANALYZER_NONNULL = YES;
				CLANG_ANALYZER_NUMBER_OBJECT_CONVERSION = YES_AGGRESSIVE;
				CLANG_CXX_LANGUAGE_STANDARD = "gnu++20";
				CLANG_ENABLE_MODULES = YES;
				CLANG_ENABLE_OBJC_ARC = YES;
				CLANG_ENABLE_OBJC_WEAK = YES;
				CLANG_WARN_BLOCK_CAPTURE_AUTORELEASING = YES;
				CLANG_WARN_BOOL_CONVERSION = YES;
				CLANG_WARN_COMMA = YES;
				CLANG_WARN_CONSTANT_CONVERSION = YES;
				CLANG_WARN_DEPRECATED_OBJC_IMPLEMENTATIONS = YES;
				CLANG_WARN_DIRECT_OBJC_ISA_USAGE = YES_ERROR;
				CLANG_WARN_DOCUMENTATION_COMMENTS = YES;
				CLANG_WARN_EMPTY_BODY = YES;
				CLANG_WARN_ENUM_CONVERSION = YES;
				CLANG_WARN_INFINITE_RECURSION = YES;
				CLANG_WARN_INT_CONVERSION = YES;
				CLANG_WARN_NON_LITERAL_NULL_CONVERSION = YES;
				CLANG_WARN_OBJC_IMPLICIT_RETAIN_SELF = YES;
				CLANG_WARN_OBJC_LITERAL_CONVERSION = YES;
				CLANG_WARN_OBJC_ROOT_CLASS = YES_ERROR;
				CLANG_WARN_QUOTED_INCLUDE_IN_FRAMEWORK_HEADER = YES;
				CLANG_WARN_RANGE_LOOP_ANALYSIS = YES;
				CLANG_WARN_STRICT_PROTOTYPES = YES;
				CLANG_WARN_SUSPICIOUS_MOVE = YES;
				CLANG_WARN_UNGUARDED_AVAILABILITY = YES_AGGRESSIVE;
				CLANG_WARN_UNREACHABLE_CODE = YES;
				CLANG_WARN__DUPLICATE_METHOD_MATCH = YES;
				COPY_PHASE_STRIP = NO;
				DEBUG_INFORMATION_FORMAT = "dwarf-with-dsym";
				ENABLE_NS_ASSERTIONS = NO;
				ENABLE_STRICT_OBJC_MSGSEND = YES;
				ENABLE_USER_SCRIPT_SANDBOXING = YES;
				GCC_C_LANGUAGE_STANDARD = gnu17;
				GCC_NO_COMMON_BLOCKS = YES;
				GCC_WARN_64_TO_32_BIT_CONVERSION = YES;
				GCC_WARN_ABOUT_RETURN_TYPE = YES_ERROR;
				GCC_WARN_UNDECLARED_SELECTOR = YES;
				GCC_WARN_UNINITIALIZED_AUTOS = YES_AGGRESSIVE;
				GCC_WARN_UNUSED_FUNCTION = YES;
				GCC_WARN_UNUSED_VARIABLE = YES;
				IPHONEOS_DEPLOYMENT_TARGET = 17.4;
				LOCALIZATION_PREFERS_STRING_CATALOGS = YES;
				MTL_ENABLE_DEBUG_INFO = NO;
				MTL_FAST_MATH = YES;
				SDKROOT = iphoneos;
				SWIFT_COMPILATION_MODE = wholemodule;
				VALIDATE_PRODUCT = YES;
			};
			name = Release;
		};
		AC4687F62BF3C52C00964987 /* Debug */ = {
			isa = XCBuildConfiguration;
			buildSettings = {
				ASSETCATALOG_COMPILER_APPICON_NAME = AppIcon;
				ASSETCATALOG_COMPILER_GLOBAL_ACCENT_COLOR_NAME = AccentColor;
				CODE_SIGN_STYLE = Automatic;
				CURRENT_PROJECT_VERSION = 1;
				DEVELOPMENT_ASSET_PATHS = "\"PicCross/Preview Content\"";
				DEVELOPMENT_TEAM = H275ANPJC8;
				ENABLE_PREVIEWS = YES;
				GENERATE_INFOPLIST_FILE = YES;
				INFOPLIST_KEY_UIApplicationSceneManifest_Generation = YES;
				INFOPLIST_KEY_UIApplicationSupportsIndirectInputEvents = YES;
				INFOPLIST_KEY_UILaunchScreen_Generation = YES;
				INFOPLIST_KEY_UISupportedInterfaceOrientations_iPad = "UIInterfaceOrientationPortrait UIInterfaceOrientationPortraitUpsideDown UIInterfaceOrientationLandscapeLeft UIInterfaceOrientationLandscapeRight";
				INFOPLIST_KEY_UISupportedInterfaceOrientations_iPhone = "UIInterfaceOrientationPortrait UIInterfaceOrientationLandscapeLeft UIInterfaceOrientationLandscapeRight";
				LD_RUNPATH_SEARCH_PATHS = (
					"$(inherited)",
					"@executable_path/Frameworks",
				);
				MARKETING_VERSION = 1.0;
				PRODUCT_BUNDLE_IDENTIFIER = me.villegas.teresa.PicCross;
				PRODUCT_NAME = "$(TARGET_NAME)";
				SWIFT_EMIT_LOC_STRINGS = YES;
				SWIFT_VERSION = 5.0;
				TARGETED_DEVICE_FAMILY = "1,2";
			};
			name = Debug;
		};
		AC4687F72BF3C52C00964987 /* Release */ = {
			isa = XCBuildConfiguration;
			buildSettings = {
				ASSETCATALOG_COMPILER_APPICON_NAME = AppIcon;
				ASSETCATALOG_COMPILER_GLOBAL_ACCENT_COLOR_NAME = AccentColor;
				CODE_SIGN_STYLE = Automatic;
				CURRENT_PROJECT_VERSION = 1;
				DEVELOPMENT_ASSET_PATHS = "\"PicCross/Preview Content\"";
				DEVELOPMENT_TEAM = H275ANPJC8;
				ENABLE_PREVIEWS = YES;
				GENERATE_INFOPLIST_FILE = YES;
				INFOPLIST_KEY_UIApplicationSceneManifest_Generation = YES;
				INFOPLIST_KEY_UIApplicationSupportsIndirectInputEvents = YES;
				INFOPLIST_KEY_UILaunchScreen_Generation = YES;
				INFOPLIST_KEY_UISupportedInterfaceOrientations_iPad = "UIInterfaceOrientationPortrait UIInterfaceOrientationPortraitUpsideDown UIInterfaceOrientationLandscapeLeft UIInterfaceOrientationLandscapeRight";
				INFOPLIST_KEY_UISupportedInterfaceOrientations_iPhone = "UIInterfaceOrientationPortrait UIInterfaceOrientationLandscapeLeft UIInterfaceOrientationLandscapeRight";
				LD_RUNPATH_SEARCH_PATHS = (
					"$(inherited)",
					"@executable_path/Frameworks",
				);
				MARKETING_VERSION = 1.0;
				PRODUCT_BUNDLE_IDENTIFIER = me.villegas.teresa.PicCross;
				PRODUCT_NAME = "$(TARGET_NAME)";
				SWIFT_EMIT_LOC_STRINGS = YES;
				SWIFT_VERSION = 5.0;
				TARGETED_DEVICE_FAMILY = "1,2";
			};
			name = Release;
		};
/* End XCBuildConfiguration section */

/* Begin XCConfigurationList section */
		AC4687E22BF3C52B00964987 /* Build configuration list for PBXProject "PicCross" */ = {
			isa = XCConfigurationList;
			buildConfigurations = (
				AC4687F32BF3C52C00964987 /* Debug */,
				AC4687F42BF3C52C00964987 /* Release */,
			);
			defaultConfigurationIsVisible = 0;
			defaultConfigurationName = Release;
		};
		AC4687F52BF3C52C00964987 /* Build configuration list for PBXNativeTarget "PicCross" */ = {
			isa = XCConfigurationList;
			buildConfigurations = (
				AC4687F62BF3C52C00964987 /* Debug */,
				AC4687F72BF3C52C00964987 /* Release */,
			);
			defaultConfigurationIsVisible = 0;
			defaultConfigurationName = Release;
		};
/* End XCConfigurationList section */
	};
	rootObject = AC4687DF2BF3C52B00964987 /* Project object */;
}
